
Microsoft Visual Studio Solution File, Format Version 12.00
# Visual Studio Version 16
VisualStudioVersion = 16.0.30517.126
MinimumVisualStudioVersion = 10.0.40219.1
Project("{FAE04EC0-301F-11D3-BF4B-00C04F79EFBC}") = "SabjiMandi.Web", "SabjiMandi.Web\SabjiMandi.Web.csproj", "{9F05FAFB-DAE0-4B58-AE46-966217BB1D5D}"
EndProject
Project("{FAE04EC0-301F-11D3-BF4B-00C04F79EFBC}") = "SabjiMandi.Web.Tests", "SabjiMandi.Web.Tests\SabjiMandi.Web.Tests.csproj", "{F72D5E41-6D65-46B9-8A3F-A91D2FF4F789}"
EndProject
Project("{FAE04EC0-301F-11D3-BF4B-00C04F79EFBC}") = "SabjiMandi.Entities", "SabjiMandi.Entities\SabjiMandi.Entities.csproj", "{E0B33869-7106-4CCD-AAFF-E8CFB60425DF}"
EndProject
Project("{FAE04EC0-301F-11D3-BF4B-00C04F79EFBC}") = "SabjiMandi.Database", "SabjiMandi.Database\SabjiMandi.Database.csproj", "{AEF1AC36-23C5-49C3-9733-86740EB96AFE}"
EndProject
Project("{FAE04EC0-301F-11D3-BF4B-00C04F79EFBC}") = "SabjiMandi.Services", "SabjiMandi.Services\SabjiMandi.Services.csproj", "{48C138D9-140F-4E69-80D7-61EA046FAB1D}"
EndProject
Global
	GlobalSection(SolutionConfigurationPlatforms) = preSolution
		Debug|Any CPU = Debug|Any CPU
		Release|Any CPU = Release|Any CPU
	EndGlobalSection
	GlobalSection(ProjectConfigurationPlatforms) = postSolution
		{9F05FAFB-DAE0-4B58-AE46-966217BB1D5D}.Debug|Any CPU.ActiveCfg = Debug|Any CPU
		{9F05FAFB-DAE0-4B58-AE46-966217BB1D5D}.Debug|Any CPU.Build.0 = Debug|Any CPU
		{9F05FAFB-DAE0-4B58-AE46-966217BB1D5D}.Release|Any CPU.ActiveCfg = Release|Any CPU
		{9F05FAFB-DAE0-4B58-AE46-966217BB1D5D}.Release|Any CPU.Build.0 = Release|Any CPU
		{F72D5E41-6D65-46B9-8A3F-A91D2FF4F789}.Debug|Any CPU.ActiveCfg = Debug|Any CPU
		{F72D5E41-6D65-46B9-8A3F-A91D2FF4F789}.Debug|Any CPU.Build.0 = Debug|Any CPU
		{F72D5E41-6D65-46B9-8A3F-A91D2FF4F789}.Release|Any CPU.ActiveCfg = Release|Any CPU
		{F72D5E41-6D65-46B9-8A3F-A91D2FF4F789}.Release|Any CPU.Build.0 = Release|Any CPU
		{E0B33869-7106-4CCD-AAFF-E8CFB60425DF}.Debug|Any CPU.ActiveCfg = Debug|Any CPU
		{E0B33869-7106-4CCD-AAFF-E8CFB60425DF}.Debug|Any CPU.Build.0 = Debug|Any CPU
		{E0B33869-7106-4CCD-AAFF-E8CFB60425DF}.Release|Any CPU.ActiveCfg = Release|Any CPU
		{E0B33869-7106-4CCD-AAFF-E8CFB60425DF}.Release|Any CPU.Build.0 = Release|Any CPU
		{AEF1AC36-23C5-49C3-9733-86740EB96AFE}.Debug|Any CPU.ActiveCfg = Debug|Any CPU
		{AEF1AC36-23C5-49C3-9733-86740EB96AFE}.Debug|Any CPU.Build.0 = Debug|Any CPU
		{AEF1AC36-23C5-49C3-9733-86740EB96AFE}.Release|Any CPU.ActiveCfg = Release|Any CPU
		{AEF1AC36-23C5-49C3-9733-86740EB96AFE}.Release|Any CPU.Build.0 = Release|Any CPU
		{48C138D9-140F-4E69-80D7-61EA046FAB1D}.Debug|Any CPU.ActiveCfg = Debug|Any CPU
		{48C138D9-140F-4E69-80D7-61EA046FAB1D}.Debug|Any CPU.Build.0 = Debug|Any CPU
		{48C138D9-140F-4E69-80D7-61EA046FAB1D}.Release|Any CPU.ActiveCfg = Release|Any CPU
		{48C138D9-140F-4E69-80D7-61EA046FAB1D}.Release|Any CPU.Build.0 = Release|Any CPU
	EndGlobalSection
	GlobalSection(SolutionProperties) = preSolution
		HideSolutionNode = FALSE
	EndGlobalSection
	GlobalSection(ExtensibilityGlobals) = postSolution
		SolutionGuid = {21473AE5-DD10-402D-9215-B7AD416626BB}
	EndGlobalSection
EndGlobal
