
Microsoft Visual Studio Solution File, Format Version 12.00
# Visual Studio Version 16
VisualStudioVersion = 16.0.30517.126
MinimumVisualStudioVersion = 10.0.40219.1
Project("{FAE04EC0-301F-11D3-BF4B-00C04F79EFBC}") = "SabjiMandi.Web", "SabjiMandi.Web.csproj", "{9F05FAFB-DAE0-4B58-AE46-966217BB1D5D}"
EndProject
Global
	GlobalSection(SolutionConfigurationPlatforms) = preSolution
		Debug|Any CPU = Debug|Any CPU
		Release|Any CPU = Release|Any CPU
	EndGlobalSection
	GlobalSection(ProjectConfigurationPlatforms) = postSolution
		{9F05FAFB-DAE0-4B58-AE46-966217BB1D5D}.Debug|Any CPU.ActiveCfg = Debug|Any CPU
		{9F05FAFB-DAE0-4B58-AE46-966217BB1D5D}.Debug|Any CPU.Build.0 = Debug|Any CPU
		{9F05FAFB-DAE0-4B58-AE46-966217BB1D5D}.Release|Any CPU.ActiveCfg = Release|Any CPU
		{9F05FAFB-DAE0-4B58-AE46-966217BB1D5D}.Release|Any CPU.Build.0 = Release|Any CPU
	EndGlobalSection
	GlobalSection(SolutionProperties) = preSolution
		HideSolutionNode = FALSE
	EndGlobalSection
	GlobalSection(ExtensibilityGlobals) = postSolution
		SolutionGuid = {9BC9435E-83E7-488E-B442-CFCF1516A437}
	EndGlobalSection
EndGlobal
